# GENERATED FILE. DO NOT EDIT.
# This file is generated by 'studio pull' and ensures reproducible builds.
# Commit this file to version control.

version = 2
generated_at = "2026-03-29T05:08:39Z"
cli_version = "dev"

[[dependencies]]
  name = "my-tokens"
  project = "27f67fab-20c4-4cb0-a44b-6ce1827ddcd2"
  ref_type = "branch"
  ref_name = "main"
  content_hash = "sha256:d73805804de5c883fa445f238c984865306609be488cb38f14e65a79aff39b1d"
  updated_at = "2026-03-29T05:08:39Z"

  [[dependencies.files]]
    path = "base.css"
    hash = "sha256:b60dc471535f7fd61193c4d6e364f76d2cc6c59ecb6f06f848e76f8829b7be93"
    size = 20557
    tokens = 0
    modified_at = "2026-03-29T05:08:39Z"

[integrity]
  lockfile_hash = "sha256:b442ed8b72f2563f28589fbbfe2bbb44a384450ebdd8330c74a3ec279a10ddea"
  algorithm = "sha256"
